
Microsoft Visual Studio Solution File, Format Version 12.00
Project("{FAE04EC0-301F-11D3-BF4B-00C04F79EFBC}") = "Movie", "Movie\Movie.csproj", "{C7800A32-1E5E-439B-A830-C4ABD67B470E}"
EndProject
Project("{FAE04EC0-301F-11D3-BF4B-00C04F79EFBC}") = "User", "User\User.csproj", "{F2443B86-E2DB-4A56-86F6-BB6A148068A5}"
EndProject
Project("{FAE04EC0-301F-11D3-BF4B-00C04F79EFBC}") = "MovieUserPredictor", "MovieUserPredictor\MovieUserPredictor.csproj", "{3AEF4D1A-DE87-4E22-855B-E68179081467}"
EndProject
Global
	GlobalSection(SolutionConfigurationPlatforms) = preSolution
		Debug|Any CPU = Debug|Any CPU
		Release|Any CPU = Release|Any CPU
	EndGlobalSection
	GlobalSection(ProjectConfigurationPlatforms) = postSolution
		{C7800A32-1E5E-439B-A830-C4ABD67B470E}.Debug|Any CPU.ActiveCfg = Debug|Any CPU
		{C7800A32-1E5E-439B-A830-C4ABD67B470E}.Debug|Any CPU.Build.0 = Debug|Any CPU
		{C7800A32-1E5E-439B-A830-C4ABD67B470E}.Release|Any CPU.ActiveCfg = Release|Any CPU
		{C7800A32-1E5E-439B-A830-C4ABD67B470E}.Release|Any CPU.Build.0 = Release|Any CPU
		{F2443B86-E2DB-4A56-86F6-BB6A148068A5}.Debug|Any CPU.ActiveCfg = Debug|Any CPU
		{F2443B86-E2DB-4A56-86F6-BB6A148068A5}.Debug|Any CPU.Build.0 = Debug|Any CPU
		{F2443B86-E2DB-4A56-86F6-BB6A148068A5}.Release|Any CPU.ActiveCfg = Release|Any CPU
		{F2443B86-E2DB-4A56-86F6-BB6A148068A5}.Release|Any CPU.Build.0 = Release|Any CPU
		{3AEF4D1A-DE87-4E22-855B-E68179081467}.Debug|Any CPU.ActiveCfg = Debug|Any CPU
		{3AEF4D1A-DE87-4E22-855B-E68179081467}.Debug|Any CPU.Build.0 = Debug|Any CPU
		{3AEF4D1A-DE87-4E22-855B-E68179081467}.Release|Any CPU.ActiveCfg = Release|Any CPU
		{3AEF4D1A-DE87-4E22-855B-E68179081467}.Release|Any CPU.Build.0 = Release|Any CPU
	EndGlobalSection
EndGlobal
